id: demo_pkt_framer
label: pkt framer
category: '[Demo]'
templates:
  imports: import demo
  make: demo.pkt_framer(${payload_size}, ${flow_id})
parameters:
- id: payload_size
  label: Payload_size
  dtype: int
  default: 0
- id: flow_id
  label: Flow_id
  dtype: int
  default: 1
inputs:
- label: in
  domain: stream
  dtype: byte
outputs:
- label: out
  domain: stream
  dtype: byte
file_format: 1
